// !$*UTF8*$!
{
	archiveVersion = 1;
	classes = {
	};
	objectVersion = 51;
	objects = {

/* Begin PBXBuildFile section */
		011C600F2478F531005949E6 /* Extended.swift in Sources */ = {isa = PBXBuildFile; fileRef = 011C600E2478F531005949E6 /* Extended.swift */; };
		011C60112478F914005949E6 /* CodableModel.swift in Sources */ = {isa = PBXBuildFile; fileRef = 011C60102478F914005949E6 /* CodableModel.swift */; };
		011C601524793686005949E6 /* MainTableViewCell.swift in Sources */ = {isa = PBXBuildFile; fileRef = 011C601424793686005949E6 /* MainTableViewCell.swift */; };
		011C601724796E38005949E6 /* CommonFunctions.swift in Sources */ = {isa = PBXBuildFile; fileRef = 011C601624796E37005949E6 /* CommonFunctions.swift */; };
		011C601924797633005949E6 /* DetailViewController.swift in Sources */ = {isa = PBXBuildFile; fileRef = 011C601824797633005949E6 /* DetailViewController.swift */; };
		01C531AE247990D9002343F7 /* DetailTableViewCell.swift in Sources */ = {isa = PBXBuildFile; fileRef = 01C531AD247990D9002343F7 /* DetailTableViewCell.swift */; };
		01C531B02479E206002343F7 /* GenrTableViewCell.swift in Sources */ = {isa = PBXBuildFile; fileRef = 01C531AF2479E206002343F7 /* GenrTableViewCell.swift */; };
		01F186892478941100C4F644 /* AppDelegate.swift in Sources */ = {isa = PBXBuildFile; fileRef = 01F186882478941100C4F644 /* AppDelegate.swift */; };
		01F1868D2478941100C4F644 /* MainViewController.swift in Sources */ = {isa = PBXBuildFile; fileRef = 01F1868C2478941100C4F644 /* MainViewController.swift */; };
		01F186902478941100C4F644 /* Main.storyboard in Resources */ = {isa = PBXBuildFile; fileRef = 01F1868E2478941100C4F644 /* Main.storyboard */; };
		01F186922478941300C4F644 /* Assets.xcassets in Resources */ = {isa = PBXBuildFile; fileRef = 01F186912478941300C4F644 /* Assets.xcassets */; };
		01F186952478941300C4F644 /* LaunchScreen.storyboard in Resources */ = {isa = PBXBuildFile; fileRef = 01F186932478941300C4F644 /* LaunchScreen.storyboard */; };
		49C891667F64AA438F30674E /* Pods_BackpacDevelopmentTask.framework in Frameworks */ = {isa = PBXBuildFile; fileRef = CEC5829A80054FBACD76D854 /* Pods_BackpacDevelopmentTask.framework */; };
/* End PBXBuildFile section */

/* Begin PBXFileReference section */
		011C600E2478F531005949E6 /* Extended.swift */ = {isa = PBXFileReference; lastKnownFileType = sourcecode.swift; path = Extended.swift; sourceTree = "<group>"; };
		011C60102478F914005949E6 /* CodableModel.swift */ = {isa = PBXFileReference; lastKnownFileType = sourcecode.swift; path = CodableModel.swift; sourceTree = "<group>"; };
		011C601424793686005949E6 /* MainTableViewCell.swift */ = {isa = PBXFileReference; lastKnownFileType = sourcecode.swift; path = MainTableViewCell.swift; sourceTree = "<group>"; };
		011C601624796E37005949E6 /* CommonFunctions.swift */ = {isa = PBXFileReference; lastKnownFileType = sourcecode.swift; path = CommonFunctions.swift; sourceTree = "<group>"; };
		011C601824797633005949E6 /* DetailViewController.swift */ = {isa = PBXFileReference; lastKnownFileType = sourcecode.swift; path = DetailViewController.swift; sourceTree = "<group>"; };
		01C531AD247990D9002343F7 /* DetailTableViewCell.swift */ = {isa = PBXFileReference; lastKnownFileType = sourcecode.swift; path = DetailTableViewCell.swift; sourceTree = "<group>"; };
		01C531AF2479E206002343F7 /* GenrTableViewCell.swift */ = {isa = PBXFileReference; lastKnownFileType = sourcecode.swift; path = GenrTableViewCell.swift; sourceTree = "<group>"; };
		01F186852478941100C4F644 /* BackpacDevelopmentTask.app */ = {isa = PBXFileReference; explicitFileType = wrapper.application; includeInIndex = 0; path = BackpacDevelopmentTask.app; sourceTree = BUILT_PRODUCTS_DIR; };
		01F186882478941100C4F644 /* AppDelegate.swift */ = {isa = PBXFileReference; lastKnownFileType = sourcecode.swift; path = AppDelegate.swift; sourceTree = "<group>"; };
		01F1868C2478941100C4F644 /* MainViewController.swift */ = {isa = PBXFileReference; lastKnownFileType = sourcecode.swift; path = MainViewController.swift; sourceTree = "<group>"; };
		01F1868F2478941100C4F644 /* Base */ = {isa = PBXFileReference; lastKnownFileType = file.storyboard; name = Base; path = Base.lproj/Main.storyboard; sourceTree = "<group>"; };
		01F186912478941300C4F644 /* Assets.xcassets */ = {isa = PBXFileReference; lastKnownFileType = folder.assetcatalog; path = Assets.xcassets; sourceTree = "<group>"; };
		01F186942478941300C4F644 /* Base */ = {isa = PBXFileReference; lastKnownFileType = file.storyboard; name = Base; path = Base.lproj/LaunchScreen.storyboard; sourceTree = "<group>"; };
		01F186962478941300C4F644 /* Info.plist */ = {isa = PBXFileReference; lastKnownFileType = text.plist.xml; path = Info.plist; sourceTree = "<group>"; };
		816E4E06BACC8172B2C13547 /* Pods-BackpacDevelopmentTask.release.xcconfig */ = {isa = PBXFileReference; includeInIndex = 1; lastKnownFileType = text.xcconfig; name = "Pods-BackpacDevelopmentTask.release.xcconfig"; path = "Target Support Files/Pods-BackpacDevelopmentTask/Pods-BackpacDevelopmentTask.release.xcconfig"; sourceTree = "<group>"; };
		CEC5829A80054FBACD76D854 /* Pods_BackpacDevelopmentTask.framework */ = {isa = PBXFileReference; explicitFileType = wrapper.framework; includeInIndex = 0; path = Pods_BackpacDevelopmentTask.framework; sourceTree = BUILT_PRODUCTS_DIR; };
		DB9D7869C5C78759D392D049 /* Pods-BackpacDevelopmentTask.debug.xcconfig */ = {isa = PBXFileReference; includeInIndex = 1; lastKnownFileType = text.xcconfig; name = "Pods-BackpacDevelopmentTask.debug.xcconfig"; path = "Target Support Files/Pods-BackpacDevelopmentTask/Pods-BackpacDevelopmentTask.debug.xcconfig"; sourceTree = "<group>"; };
/* End PBXFileReference section */

/* Begin PBXFrameworksBuildPhase section */
		01F186822478941100C4F644 /* Frameworks */ = {
			isa = PBXFrameworksBuildPhase;
			buildActionMask = 2147483647;
			files = (
				49C891667F64AA438F30674E /* Pods_BackpacDevelopmentTask.framework in Frameworks */,
			);
			runOnlyForDeploymentPostprocessing = 0;
		};
/* End PBXFrameworksBuildPhase section */

/* Begin PBXGroup section */
		011C60122478F98A005949E6 /* MainView */ = {
			isa = PBXGroup;
			children = (
				01F1868C2478941100C4F644 /* MainViewController.swift */,
				011C601424793686005949E6 /* MainTableViewCell.swift */,
			);
			path = MainView;
			sourceTree = "<group>";
		};
		011C60132478F9F6005949E6 /* DetailView */ = {
			isa = PBXGroup;
			children = (
				011C601824797633005949E6 /* DetailViewController.swift */,
				01C531AD247990D9002343F7 /* DetailTableViewCell.swift */,
				01C531AF2479E206002343F7 /* GenrTableViewCell.swift */,
			);
			path = DetailView;
			sourceTree = "<group>";
		};
		01F1867C2478941100C4F644 = {
			isa = PBXGroup;
			children = (
				01F186872478941100C4F644 /* BackpacDevelopmentTask */,
				01F186862478941100C4F644 /* Products */,
				A4142E0785BE8338F6AB0273 /* Pods */,
				A91FDDCA6BBA383C353E968F /* Frameworks */,
			);
			sourceTree = "<group>";
		};
		01F186862478941100C4F644 /* Products */ = {
			isa = PBXGroup;
			children = (
				01F186852478941100C4F644 /* BackpacDevelopmentTask.app */,
			);
			name = Products;
			sourceTree = "<group>";
		};
		01F186872478941100C4F644 /* BackpacDevelopmentTask */ = {
			isa = PBXGroup;
			children = (
				01F186882478941100C4F644 /* AppDelegate.swift */,
				011C60122478F98A005949E6 /* MainView */,
				011C60132478F9F6005949E6 /* DetailView */,
				011C600E2478F531005949E6 /* Extended.swift */,
				011C60102478F914005949E6 /* CodableModel.swift */,
				011C601624796E37005949E6 /* CommonFunctions.swift */,
				01F1868E2478941100C4F644 /* Main.storyboard */,
				01F186912478941300C4F644 /* Assets.xcassets */,
				01F186932478941300C4F644 /* LaunchScreen.storyboard */,
				01F186962478941300C4F644 /* Info.plist */,
			);
			path = BackpacDevelopmentTask;
			sourceTree = "<group>";
		};
		A4142E0785BE8338F6AB0273 /* Pods */ = {
			isa = PBXGroup;
			children = (
				DB9D7869C5C78759D392D049 /* Pods-BackpacDevelopmentTask.debug.xcconfig */,
				816E4E06BACC8172B2C13547 /* Pods-BackpacDevelopmentTask.release.xcconfig */,
			);
			path = Pods;
			sourceTree = "<group>";
		};
		A91FDDCA6BBA383C353E968F /* Frameworks */ = {
			isa = PBXGroup;
			children = (
				CEC5829A80054FBACD76D854 /* Pods_BackpacDevelopmentTask.framework */,
			);
			name = Frameworks;
			sourceTree = "<group>";
		};
/* End PBXGroup section */

/* Begin PBXNativeTarget section */
		01F186842478941100C4F644 /* BackpacDevelopmentTask */ = {
			isa = PBXNativeTarget;
			buildConfigurationList = 01F186992478941300C4F644 /* Build configuration list for PBXNativeTarget "BackpacDevelopmentTask" */;
			buildPhases = (
				DA6C54E49BA95BEFC247F2C1 /* [CP] Check Pods Manifest.lock */,
				01F186812478941100C4F644 /* Sources */,
				01F186822478941100C4F644 /* Frameworks */,
				01F186832478941100C4F644 /* Resources */,
				32F4C6867C9460EF589A9A79 /* [CP] Embed Pods Frameworks */,
			);
			buildRules = (
			);
			dependencies = (
			);
			name = BackpacDevelopmentTask;
			productName = BackpacDevelopmentTask;
			productReference = 01F186852478941100C4F644 /* BackpacDevelopmentTask.app */;
			productType = "com.apple.product-type.application";
		};
/* End PBXNativeTarget section */

/* Begin PBXProject section */
		01F1867D2478941100C4F644 /* Project object */ = {
			isa = PBXProject;
			attributes = {
				LastSwiftUpdateCheck = 1150;
				LastUpgradeCheck = 1150;
				ORGANIZATIONNAME = "Hansub Yoo";
				TargetAttributes = {
					01F186842478941100C4F644 = {
						CreatedOnToolsVersion = 11.5;
					};
				};
			};
			buildConfigurationList = 01F186802478941100C4F644 /* Build configuration list for PBXProject "BackpacDevelopmentTask" */;
			compatibilityVersion = "Xcode 9.3";
			developmentRegion = en;
			hasScannedForEncodings = 0;
			knownRegions = (
				en,
				Base,
			);
			mainGroup = 01F1867C2478941100C4F644;
			productRefGroup = 01F186862478941100C4F644 /* Products */;
			projectDirPath = "";
			projectRoot = "";
			targets = (
				01F186842478941100C4F644 /* BackpacDevelopmentTask */,
			);
		};
/* End PBXProject section */

/* Begin PBXResourcesBuildPhase section */
		01F186832478941100C4F644 /* Resources */ = {
			isa = PBXResourcesBuildPhase;
			buildActionMask = 2147483647;
			files = (
				01F186952478941300C4F644 /* LaunchScreen.storyboard in Resources */,
				01F186922478941300C4F644 /* Assets.xcassets in Resources */,
				01F186902478941100C4F644 /* Main.storyboard in Resources */,
			);
			runOnlyForDeploymentPostprocessing = 0;
		};
/* End PBXResourcesBuildPhase section */

/* Begin PBXShellScriptBuildPhase section */
		32F4C6867C9460EF589A9A79 /* [CP] Embed Pods Frameworks */ = {
			isa = PBXShellScriptBuildPhase;
			buildActionMask = 2147483647;
			files = (
			);
			inputFileListPaths = (
				"${PODS_ROOT}/Target Support Files/Pods-BackpacDevelopmentTask/Pods-BackpacDevelopmentTask-frameworks-${CONFIGURATION}-input-files.xcfilelist",
			);
			name = "[CP] Embed Pods Frameworks";
			outputFileListPaths = (
				"${PODS_ROOT}/Target Support Files/Pods-BackpacDevelopmentTask/Pods-BackpacDevelopmentTask-frameworks-${CONFIGURATION}-output-files.xcfilelist",
			);
			runOnlyForDeploymentPostprocessing = 0;
			shellPath = /bin/sh;
			shellScript = "\"${PODS_ROOT}/Target Support Files/Pods-BackpacDevelopmentTask/Pods-BackpacDevelopmentTask-frameworks.sh\"\n";
			showEnvVarsInLog = 0;
		};
		DA6C54E49BA95BEFC247F2C1 /* [CP] Check Pods Manifest.lock */ = {
			isa = PBXShellScriptBuildPhase;
			buildActionMask = 2147483647;
			files = (
			);
			inputFileListPaths = (
			);
			inputPaths = (
				"${PODS_PODFILE_DIR_PATH}/Podfile.lock",
				"${PODS_ROOT}/Manifest.lock",
			);
			name = "[CP] Check Pods Manifest.lock";
			outputFileListPaths = (
			);
			outputPaths = (
				"$(DERIVED_FILE_DIR)/Pods-BackpacDevelopmentTask-checkManifestLockResult.txt",
			);
			runOnlyForDeploymentPostprocessing = 0;
			shellPath = /bin/sh;
			shellScript = "diff \"${PODS_PODFILE_DIR_PATH}/Podfile.lock\" \"${PODS_ROOT}/Manifest.lock\" > /dev/null\nif [ $? != 0 ] ; then\n    # print error to STDERR\n    echo \"error: The sandbox is not in sync with the Podfile.lock. Run 'pod install' or update your CocoaPods installation.\" >&2\n    exit 1\nfi\n# This output is used by Xcode 'outputs' to avoid re-running this script phase.\necho \"SUCCESS\" > \"${SCRIPT_OUTPUT_FILE_0}\"\n";
			showEnvVarsInLog = 0;
		};
/* End PBXShellScriptBuildPhase section */

/* Begin PBXSourcesBuildPhase section */
		01F186812478941100C4F644 /* Sources */ = {
			isa = PBXSourcesBuildPhase;
			buildActionMask = 2147483647;
			files = (
				011C601724796E38005949E6 /* CommonFunctions.swift in Sources */,
				01F1868D2478941100C4F644 /* MainViewController.swift in Sources */,
				01C531AE247990D9002343F7 /* DetailTableViewCell.swift in Sources */,
				011C600F2478F531005949E6 /* Extended.swift in Sources */,
				011C60112478F914005949E6 /* CodableModel.swift in Sources */,
				01F186892478941100C4F644 /* AppDelegate.swift in Sources */,
				01C531B02479E206002343F7 /* GenrTableViewCell.swift in Sources */,
				011C601524793686005949E6 /* MainTableViewCell.swift in Sources */,
				011C601924797633005949E6 /* DetailViewController.swift in Sources */,
			);
			runOnlyForDeploymentPostprocessing = 0;
		};
/* End PBXSourcesBuildPhase section */

/* Begin PBXVariantGroup section */
		01F1868E2478941100C4F644 /* Main.storyboard */ = {
			isa = PBXVariantGroup;
			children = (
				01F1868F2478941100C4F644 /* Base */,
			);
			name = Main.storyboard;
			sourceTree = "<group>";
		};
		01F186932478941300C4F644 /* LaunchScreen.storyboard */ = {
			isa = PBXVariantGroup;
			children = (
				01F186942478941300C4F644 /* Base */,
			);
			name = LaunchScreen.storyboard;
			sourceTree = "<group>";
		};
/* End PBXVariantGroup section */

/* Begin XCBuildConfiguration section */
		01F186972478941300C4F644 /* Debug */ = {
			isa = XCBuildConfiguration;
			buildSettings = {
				ALWAYS_SEARCH_USER_PATHS = NO;
				CLANG_ANALYZER_NONNULL = YES;
				CLANG_ANALYZER_NUMBER_OBJECT_CONVERSION = YES_AGGRESSIVE;
				CLANG_CXX_LANGUAGE_STANDARD = "gnu++14";
				CLANG_CXX_LIBRARY = "libc++";
				CLANG_ENABLE_MODULES = YES;
				CLANG_ENABLE_OBJC_ARC = YES;
				CLANG_ENABLE_OBJC_WEAK = YES;
				CLANG_WARN_BLOCK_CAPTURE_AUTORELEASING = YES;
				CLANG_WARN_BOOL_CONVERSION = YES;
				CLANG_WARN_COMMA = YES;
				CLANG_WARN_CONSTANT_CONVERSION = YES;
				CLANG_WARN_DEPRECATED_OBJC_IMPLEMENTATIONS = YES;
				CLANG_WARN_DIRECT_OBJC_ISA_USAGE = YES_ERROR;
				CLANG_WARN_DOCUMENTATION_COMMENTS = YES;
				CLANG_WARN_EMPTY_BODY = YES;
				CLANG_WARN_ENUM_CONVERSION = YES;
				CLANG_WARN_INFINITE_RECURSION = YES;
				CLANG_WARN_INT_CONVERSION = YES;
				CLANG_WARN_NON_LITERAL_NULL_CONVERSION = YES;
				CLANG_WARN_OBJC_IMPLICIT_RETAIN_SELF = YES;
				CLANG_WARN_OBJC_LITERAL_CONVERSION = YES;
				CLANG_WARN_OBJC_ROOT_CLASS = YES_ERROR;
				CLANG_WARN_RANGE_LOOP_ANALYSIS = YES;
				CLANG_WARN_STRICT_PROTOTYPES = YES;
				CLANG_WARN_SUSPICIOUS_MOVE = YES;
				CLANG_WARN_UNGUARDED_AVAILABILITY = YES_AGGRESSIVE;
				CLANG_WARN_UNREACHABLE_CODE = YES;
				CLANG_WARN__DUPLICATE_METHOD_MATCH = YES;
				COPY_PHASE_STRIP = NO;
				DEBUG_INFORMATION_FORMAT = dwarf;
				ENABLE_STRICT_OBJC_MSGSEND = YES;
				ENABLE_TESTABILITY = YES;
				GCC_C_LANGUAGE_STANDARD = gnu11;
				GCC_DYNAMIC_NO_PIC = NO;
				GCC_NO_COMMON_BLOCKS = YES;
				GCC_OPTIMIZATION_LEVEL = 0;
				GCC_PREPROCESSOR_DEFINITIONS = (
					"DEBUG=1",
					"$(inherited)",
				);
				GCC_WARN_64_TO_32_BIT_CONVERSION = YES;
				GCC_WARN_ABOUT_RETURN_TYPE = YES_ERROR;
				GCC_WARN_UNDECLARED_SELECTOR = YES;
				GCC_WARN_UNINITIALIZED_AUTOS = YES_AGGRESSIVE;
				GCC_WARN_UNUSED_FUNCTION = YES;
				GCC_WARN_UNUSED_VARIABLE = YES;
				IPHONEOS_DEPLOYMENT_TARGET = 10.0;
				MTL_ENABLE_DEBUG_INFO = INCLUDE_SOURCE;
				MTL_FAST_MATH = YES;
				ONLY_ACTIVE_ARCH = YES;
				SDKROOT = iphoneos;
				SWIFT_ACTIVE_COMPILATION_CONDITIONS = DEBUG;
				SWIFT_OPTIMIZATION_LEVEL = "-Onone";
			};
			name = Debug;
		};
		01F186982478941300C4F644 /* Release */ = {
			isa = XCBuildConfiguration;
			buildSettings = {
				ALWAYS_SEARCH_USER_PATHS = NO;
				CLANG_ANALYZER_NONNULL = YES;
				CLANG_ANALYZER_NUMBER_OBJECT_CONVERSION = YES_AGGRESSIVE;
				CLANG_CXX_LANGUAGE_STANDARD = "gnu++14";
				CLANG_CXX_LIBRARY = "libc++";
				CLANG_ENABLE_MODULES = YES;
				CLANG_ENABLE_OBJC_ARC = YES;
				CLANG_ENABLE_OBJC_WEAK = YES;
				CLANG_WARN_BLOCK_CAPTURE_AUTORELEASING = YES;
				CLANG_WARN_BOOL_CONVERSION = YES;
				CLANG_WARN_COMMA = YES;
				CLANG_WARN_CONSTANT_CONVERSION = YES;
				CLANG_WARN_DEPRECATED_OBJC_IMPLEMENTATIONS = YES;
				CLANG_WARN_DIRECT_OBJC_ISA_USAGE = YES_ERROR;
				CLANG_WARN_DOCUMENTATION_COMMENTS = YES;
				CLANG_WARN_EMPTY_BODY = YES;
				CLANG_WARN_ENUM_CONVERSION = YES;
				CLANG_WARN_INFINITE_RECURSION = YES;
				CLANG_WARN_INT_CONVERSION = YES;
				CLANG_WARN_NON_LITERAL_NULL_CONVERSION = YES;
				CLANG_WARN_OBJC_IMPLICIT_RETAIN_SELF = YES;
				CLANG_WARN_OBJC_LITERAL_CONVERSION = YES;
				CLANG_WARN_OBJC_ROOT_CLASS = YES_ERROR;
				CLANG_WARN_RANGE_LOOP_ANALYSIS = YES;
				CLANG_WARN_STRICT_PROTOTYPES = YES;
				CLANG_WARN_SUSPICIOUS_MOVE = YES;
				CLANG_WARN_UNGUARDED_AVAILABILITY = YES_AGGRESSIVE;
				CLANG_WARN_UNREACHABLE_CODE = YES;
				CLANG_WARN__DUPLICATE_METHOD_MATCH = YES;
				COPY_PHASE_STRIP = NO;
				DEBUG_INFORMATION_FORMAT = "dwarf-with-dsym";
				ENABLE_NS_ASSERTIONS = NO;
				ENABLE_STRICT_OBJC_MSGSEND = YES;
				GCC_C_LANGUAGE_STANDARD = gnu11;
				GCC_NO_COMMON_BLOCKS = YES;
				GCC_WARN_64_TO_32_BIT_CONVERSION = YES;
				GCC_WARN_ABOUT_RETURN_TYPE = YES_ERROR;
				GCC_WARN_UNDECLARED_SELECTOR = YES;
				GCC_WARN_UNINITIALIZED_AUTOS = YES_AGGRESSIVE;
				GCC_WARN_UNUSED_FUNCTION = YES;
				GCC_WARN_UNUSED_VARIABLE = YES;
				IPHONEOS_DEPLOYMENT_TARGET = 10.0;
				MTL_ENABLE_DEBUG_INFO = NO;
				MTL_FAST_MATH = YES;
				SDKROOT = iphoneos;
				SWIFT_COMPILATION_MODE = wholemodule;
				SWIFT_OPTIMIZATION_LEVEL = "-O";
				VALIDATE_PRODUCT = YES;
			};
			name = Release;
		};
		01F1869A2478941300C4F644 /* Debug */ = {
			isa = XCBuildConfiguration;
			baseConfigurationReference = DB9D7869C5C78759D392D049 /* Pods-BackpacDevelopmentTask.debug.xcconfig */;
			buildSettings = {
				ASSETCATALOG_COMPILER_APPICON_NAME = AppIcon;
				CODE_SIGN_STYLE = Automatic;
				DEVELOPMENT_TEAM = XP44KJ6JB3;
				INFOPLIST_FILE = BackpacDevelopmentTask/Info.plist;
				LD_RUNPATH_SEARCH_PATHS = (
					"$(inherited)",
					"@executable_path/Frameworks",
				);
				PRODUCT_BUNDLE_IDENTIFIER = com.ywangnon.BackpacDevelopmentTask;
				PRODUCT_NAME = "$(TARGET_NAME)";
				SWIFT_VERSION = 5.0;
				TARGETED_DEVICE_FAMILY = 1;
			};
			name = Debug;
		};
		01F1869B2478941300C4F644 /* Release */ = {
			isa = XCBuildConfiguration;
			baseConfigurationReference = 816E4E06BACC8172B2C13547 /* Pods-BackpacDevelopmentTask.release.xcconfig */;
			buildSettings = {
				ASSETCATALOG_COMPILER_APPICON_NAME = AppIcon;
				CODE_SIGN_STYLE = Automatic;
				DEVELOPMENT_TEAM = XP44KJ6JB3;
				INFOPLIST_FILE = BackpacDevelopmentTask/Info.plist;
				LD_RUNPATH_SEARCH_PATHS = (
					"$(inherited)",
					"@executable_path/Frameworks",
				);
				PRODUCT_BUNDLE_IDENTIFIER = com.ywangnon.BackpacDevelopmentTask;
				PRODUCT_NAME = "$(TARGET_NAME)";
				SWIFT_VERSION = 5.0;
				TARGETED_DEVICE_FAMILY = 1;
			};
			name = Release;
		};
/* End XCBuildConfiguration section */

/* Begin XCConfigurationList section */
		01F186802478941100C4F644 /* Build configuration list for PBXProject "BackpacDevelopmentTask" */ = {
			isa = XCConfigurationList;
			buildConfigurations = (
				01F186972478941300C4F644 /* Debug */,
				01F186982478941300C4F644 /* Release */,
			);
			defaultConfigurationIsVisible = 0;
			defaultConfigurationName = Release;
		};
		01F186992478941300C4F644 /* Build configuration list for PBXNativeTarget "BackpacDevelopmentTask" */ = {
			isa = XCConfigurationList;
			buildConfigurations = (
				01F1869A2478941300C4F644 /* Debug */,
				01F1869B2478941300C4F644 /* Release */,
			);
			defaultConfigurationIsVisible = 0;
			defaultConfigurationName = Release;
		};
/* End XCConfigurationList section */
	};
	rootObject = 01F1867D2478941100C4F644 /* Project object */;
}
